version: 7
platforms:
- name: linux-64
  virtual-packages:
  - __unix=0=0
  - __linux=4.18
  - __glibc=2.28
  - __archspec=0=x86_64
- name: osx-64
  virtual-packages:
  - __unix=0=0
  - __osx=13.0
  - __archspec=0=x86_64
- name: osx-arm64
  virtual-packages:
  - __unix=0=0
  - __osx=13.0
  - __archspec=0=m1
- name: win-64
  virtual-packages:
  - __win=10.0
  - __archspec=0=x86_64
environments:
  default:
    channels:
    - url: https://conda.anaconda.org/conda-forge/
    packages:
      linux-64:
      - conda: https://conda.anaconda.org/conda-forge/linux-64/_openmp_mutex-4.5-20_gnu.conda
      - conda: https://conda.anaconda.org/conda-forge/linux-64/dart-sass-1.100.0-hfc2019e_0.conda
      - conda: https://conda.anaconda.org/conda-forge/linux-64/deno-2.4.5-h6046fbb_0.conda
      - conda: https://conda.anaconda.org/conda-forge/linux-64/deno-dom-0.1.41-h4768de7_0.conda
      - conda: https://conda.anaconda.org/conda-forge/linux-64/esbuild-0.28.0-hfc2019e_1.conda
      - conda: https://conda.anaconda.org/conda-forge/linux-64/libgcc-15.2.0-he0feb66_19.conda
      - conda: https://conda.anaconda.org/conda-forge/linux-64/libgomp-15.2.0-he0feb66_19.conda
      - conda: https://conda.anaconda.org/conda-forge/linux-64/lychee-0.24.2-he64ecbb_0.conda
      - conda: https://conda.anaconda.org/conda-forge/linux-64/openssl-3.6.3-h35e630c_0.conda
      - conda: https://conda.anaconda.org/conda-forge/linux-64/pandoc-3.8.3-ha770c72_0.conda
      - conda: https://conda.anaconda.org/conda-forge/linux-64/quarto-1.9.38-h920450f_0.conda
      - conda: https://conda.anaconda.org/conda-forge/linux-64/typst-0.14.2-h4c46f8d_0.conda
      - conda: https://conda.anaconda.org/conda-forge/noarch/ca-certificates-2026.5.20-hbd8a1cb_0.conda
      osx-64:
      - conda: https://conda.anaconda.org/conda-forge/noarch/ca-certificates-2026.7.22-hbd8a1cb_0.conda
      - conda: https://conda.anaconda.org/conda-forge/osx-64/dart-sass-1.100.0-h8822bef_0.conda
      - conda: https://conda.anaconda.org/conda-forge/osx-64/deno-2.4.5-h42a321a_0.conda
      - conda: https://conda.anaconda.org/conda-forge/osx-64/deno-dom-0.1.41-h51332c3_0.conda
      - conda: https://conda.anaconda.org/conda-forge/osx-64/esbuild-0.28.0-h5839d16_1.conda
      - conda: https://conda.anaconda.org/conda-forge/osx-64/libzlib-1.3.2-hbb4bfdb_2.conda
      - conda: https://conda.anaconda.org/conda-forge/osx-64/lychee-0.24.2-h651e3a3_0.conda
      - conda: https://conda.anaconda.org/conda-forge/osx-64/openssl-3.6.4-h332eb6d_0.conda
      - conda: https://conda.anaconda.org/conda-forge/osx-64/pandoc-3.8.3-h694c41f_0.conda
      - conda: https://conda.anaconda.org/conda-forge/osx-64/quarto-1.9.38-h7a197ef_0.conda
      - conda: https://conda.anaconda.org/conda-forge/osx-64/typst-0.14.2-h121f529_0.conda
      osx-arm64:
      - conda: https://conda.anaconda.org/conda-forge/noarch/ca-certificates-2026.7.22-hbd8a1cb_0.conda
      - conda: https://conda.anaconda.org/conda-forge/osx-arm64/dart-sass-1.100.0-h820172f_0.conda
      - conda: https://conda.anaconda.org/conda-forge/osx-arm64/deno-2.4.5-h248350f_0.conda
      - conda: https://conda.anaconda.org/conda-forge/osx-arm64/deno-dom-0.1.41-hde76f7a_0.conda
      - conda: https://conda.anaconda.org/conda-forge/osx-arm64/esbuild-0.28.0-hf76c51c_1.conda
      - conda: https://conda.anaconda.org/conda-forge/osx-arm64/libzlib-1.3.2-h8088a28_2.conda
      - conda: https://conda.anaconda.org/conda-forge/osx-arm64/lychee-0.24.2-h17e24d4_0.conda
      - conda: https://conda.anaconda.org/conda-forge/osx-arm64/openssl-3.6.4-h55eecbc_0.conda
      - conda: https://conda.anaconda.org/conda-forge/osx-arm64/pandoc-3.8.3-hce30654_0.conda
      - conda: https://conda.anaconda.org/conda-forge/osx-arm64/quarto-1.9.38-h78c4bfd_0.conda
      - conda: https://conda.anaconda.org/conda-forge/osx-arm64/typst-0.14.2-hd1458d2_0.conda
      win-64:
      - conda: https://conda.anaconda.org/conda-forge/noarch/ca-certificates-2026.7.22-h4c7d964_0.conda
      - conda: https://conda.anaconda.org/conda-forge/win-64/dart-sass-1.100.0-h11686cb_0.conda
      - conda: https://conda.anaconda.org/conda-forge/win-64/deno-2.4.5-h9135563_0.conda
      - conda: https://conda.anaconda.org/conda-forge/win-64/deno-dom-0.1.41-h1a6af48_0.conda
      - conda: https://conda.anaconda.org/conda-forge/win-64/esbuild-0.28.0-h11686cb_1.conda
      - conda: https://conda.anaconda.org/conda-forge/win-64/lychee-0.24.2-hb3eb754_0.conda
      - conda: https://conda.anaconda.org/conda-forge/win-64/openssl-3.6.4-hf411b9b_0.conda
      - conda: https://conda.anaconda.org/conda-forge/win-64/pandoc-3.8.3-h57928b3_0.conda
      - conda: https://conda.anaconda.org/conda-forge/win-64/quarto-1.9.38-h0e8a320_0.conda
      - conda: https://conda.anaconda.org/conda-forge/win-64/typst-0.14.2-h77a83cd_0.conda
      - conda: https://conda.anaconda.org/conda-forge/win-64/ucrt-10.0.26100.0-h57928b3_0.conda
      - conda: https://conda.anaconda.org/conda-forge/win-64/vc-14.5-h1b7c187_38.conda
      - conda: https://conda.anaconda.org/conda-forge/win-64/vc14_runtime-14.51.36231-h1b9f54f_38.conda
      - conda: https://conda.anaconda.org/conda-forge/win-64/vcomp14-14.51.36231-h1b9f54f_38.conda
packages:
- conda: https://conda.anaconda.org/conda-forge/linux-64/_openmp_mutex-4.5-20_gnu.conda
  build_number: 20
  sha256: 1dd3fffd892081df9726d7eb7e0dea6198962ba775bd88842135a4ddb4deb3c9
  md5: a9f577daf3de00bca7c3c76c0ecbd1de
  depends:
  - __glibc >=2.17,<3.0.a0
  - libgomp >=7.5.0
  constrains:
  - openmp_impl <0.0a0
  license: BSD-3-Clause
  license_family: BSD
  size: 28948
  timestamp: 1770939786096
- conda: https://conda.anaconda.org/conda-forge/linux-64/dart-sass-1.100.0-hfc2019e_0.conda
  sha256: 43146af49e6911c7bc57eedfdb945cb3ecbaa73e9565e84099229345edebe0c5
  md5: 97b46522187a0064a52207a3ca68621c
  license: MIT
  license_family: MIT
  size: 4100973
  timestamp: 1779422704647
- conda: https://conda.anaconda.org/conda-forge/linux-64/deno-2.4.5-h6046fbb_0.conda
  sha256: 3638c08b977b694b1f459da6ad2ba61e956f367e69e9893633b0270e068cb73e
  md5: 39a168481d8b14ddc0c07b733fbbda97
  depends:
  - libgcc >=15
  - __glibc >=2.28,<3.0.a0
  constrains:
  - __glibc >=2.17
  license: MIT
  license_family: MIT
  size: 38196953
  timestamp: 1776774768229
- conda: https://conda.anaconda.org/conda-forge/linux-64/deno-dom-0.1.41-h4768de7_0.conda
  sha256: 2726829e1a6117dc9555a2088a4ebaa05035218b8791106f036ba73f15b1b13e
  md5: 89e80615c6b1b1ae4f5267bfc5fc7f66
  depends:
  - __glibc >=2.17,<3.0.a0
  - deno >=1.24.2
  constrains:
  - __glibc >=2.17
  license: MIT
  license_family: MIT
  size: 433150
  timestamp: 1736703310469
- conda: https://conda.anaconda.org/conda-forge/linux-64/esbuild-0.28.0-hfc2019e_1.conda
  sha256: e06f972eee640fe5ece7931e97bf9d317589fa9798ad19fa5c8761a7e393ace7
  md5: 436dd09d9b9e59414bf803453795c5b5
  license: MIT
  license_family: MIT
  size: 4482067
  timestamp: 1779427665827
- conda: https://conda.anaconda.org/conda-forge/linux-64/libgcc-15.2.0-he0feb66_19.conda
  sha256: 8e0a3b5e41272e5678499b5dfc4cddb673f9e935de01eb0767ce857001229f46
  md5: 57736f29cc2b0ec0b6c2952d3f101b6a
  depends:
  - __glibc >=2.17,<3.0.a0
  - _openmp_mutex >=4.5
  constrains:
  - libgcc-ng ==15.2.0=*_19
  - libgomp 15.2.0 he0feb66_19
  license: GPL-3.0-only WITH GCC-exception-3.1
  license_family: GPL
  size: 1041084
  timestamp: 1778269013026
- conda: https://conda.anaconda.org/conda-forge/linux-64/libgomp-15.2.0-he0feb66_19.conda
  sha256: 5abe4ab9d93f6c9757d654f1969ae2267d4505315c1f2f8fe705fd60af084f1b
  md5: faac990cb7aedc7f3a2224f2c9b0c26c
  depends:
  - __glibc >=2.17,<3.0.a0
  license: GPL-3.0-only WITH GCC-exception-3.1
  license_family: GPL
  size: 603817
  timestamp: 1778268942614
- conda: https://conda.anaconda.org/conda-forge/linux-64/lychee-0.24.2-he64ecbb_0.conda
  sha256: 3fd9108a9af3ad8f5124b9dc4ec4c0169e27e6379100374844b6a058ca8e8988
  md5: 5ef12daae06f2228dcb37c95a8db1881
  depends:
  - libgcc >=14
  - __glibc >=2.17,<3.0.a0
  - openssl >=3.5.6,<4.0a0
  constrains:
  - __glibc >=2.17
  license: Apache-2.0 OR MIT
  run_exports: {}
  size: 5789257
  timestamp: 1777662729855
- conda: https://conda.anaconda.org/conda-forge/linux-64/openssl-3.6.3-h35e630c_0.conda
  sha256: d48f5c22b9897c01e4dff3680f1f57ceb02711ab9c62f74339b080419dfad34b
  md5: 79dd2074b5cd5c5c6b2930514a11e22d
  depends:
  - __glibc >=2.17,<3.0.a0
  - ca-certificates
  - libgcc >=14
  license: Apache-2.0
  license_family: Apache
  size: 3159683
  timestamp: 1781069855778
- conda: https://conda.anaconda.org/conda-forge/linux-64/pandoc-3.8.3-ha770c72_0.conda
  sha256: 87ec986d1e0d16d9d2aa149653abeb73d1ac4bd9e6d7dc13ba33ec00134c8a7a
  md5: 0e4aa34e44a68aeb850349fe51a6a3d0
  license: GPL-2.0-or-later
  license_family: GPL
  size: 22458834
  timestamp: 1764589637843
- conda: https://conda.anaconda.org/conda-forge/linux-64/quarto-1.9.38-h920450f_0.conda
  sha256: d94e426980932a2dfbcf4a43c48d600d473c355a7b11477911c3b13ad24e4b5d
  md5: f13ebac1f2b59219c012fa992757be1c
  depends:
  - __glibc >=2.17,<3.0.a0
  - dart-sass
  - deno >=2.4.5,<2.4.6.0a0
  - deno-dom >=0.1.41,<0.1.42.0a0
  - esbuild
  - libgcc >=14
  - openssl >=3.5.6,<4.0a0
  - pandoc 3.8.3
  - typst 0.14.2
  constrains:
  - __glibc >=2.17
  license: MIT
  license_family: MIT
  size: 26049109
  timestamp: 1779789331822
- conda: https://conda.anaconda.org/conda-forge/linux-64/typst-0.14.2-h4c46f8d_0.conda
  sha256: 2051dee6a67d43a0ff0fd2ff9dacd8ef533e89d0b30feedf87613fc84b00c247
  md5: 6733bfb9b4338039e182ca3a41253ab5
  depends:
  - __glibc >=2.17,<3.0.a0
  - libgcc >=14
  - openssl >=3.5.4,<4.0a0
  constrains:
  - __glibc >=2.17
  license: Apache-2.0
  license_family: Apache
  size: 15445965
  timestamp: 1765697444419
- conda: https://conda.anaconda.org/conda-forge/noarch/ca-certificates-2026.5.20-hbd8a1cb_0.conda
  sha256: 9812a303a1395e1dafbd92e5bc8a1ff6013bcbba0a09c7f03a8d23e43560aa9b
  md5: 489b8e97e666c93f68fdb35c3c9b957f
  depends:
  - __unix
  license: ISC
  size: 129868
  timestamp: 1779289852439
- conda: https://conda.anaconda.org/conda-forge/noarch/ca-certificates-2026.7.22-h4c7d964_0.conda
  sha256: 95e8e74062a5fe5f870ac8c90302b6e89945165fdaed7810606e84ddee6aac12
  md5: e27d2ac27b096dc51fedfcf775a53f9b
  depends:
  - __win
  license: ISC
  run_exports: {}
  size: 132136
  timestamp: 1784754918886
- conda: https://conda.anaconda.org/conda-forge/noarch/ca-certificates-2026.7.22-hbd8a1cb_0.conda
  sha256: 0a0544cf95f64394fe4959286f5c71f5444ad58feb0602e53becb27448d24da6
  md5: 0f51e2391ade309db462a55611263e9c
  depends:
  - __unix
  license: ISC
  run_exports: {}
  size: 131780
  timestamp: 1784754889428
- conda: https://conda.anaconda.org/conda-forge/osx-64/dart-sass-1.100.0-h8822bef_0.conda
  sha256: 5f345467334d6e5cc55695ec9545c287b95c32112183bebe4d5f1d475e90adf3
  md5: 71bee41663805fde82a0523c0bfcfed7
  license: MIT
  license_family: MIT
  size: 3963615
  timestamp: 1779422766050
- conda: https://conda.anaconda.org/conda-forge/osx-64/deno-2.4.5-h42a321a_0.conda
  sha256: 52d3c281e014a58fa3d6c9bb430603477e1a636b876cbbe388a8d01a73a854b3
  md5: ed3eae30aa44dd510ac2474c15795a6b
  depends:
  - __osx >=11.0
  - libzlib >=1.3.2,<2.0a0
  constrains:
  - __osx >=10.13
  license: MIT
  license_family: MIT
  size: 36820774
  timestamp: 1776774881799
- conda: https://conda.anaconda.org/conda-forge/osx-64/deno-dom-0.1.41-h51332c3_0.conda
  sha256: b7d8621033ac310f40e083ee1157db9aaa178b7355dbd74be54ca1f0f4b517ce
  md5: 6f8f4a8487f87f13e0c43b15ee9b1541
  depends:
  - __osx >=10.13
  - deno >=1.24.2
  constrains:
  - __osx >=10.13
  license: MIT
  license_family: MIT
  size: 369080
  timestamp: 1736703484876
- conda: https://conda.anaconda.org/conda-forge/osx-64/esbuild-0.28.0-h5839d16_1.conda
  sha256: d3d98322791cb99d55eceaa93aa74da762bb9a34ae7a0d0da8db1886f1432d0c
  md5: b23ed7ad8c9cebcbb6e7b5fb9daea59b
  constrains:
  - __osx >=10.12
  license: MIT
  license_family: MIT
  size: 4401071
  timestamp: 1779427743125
- conda: https://conda.anaconda.org/conda-forge/osx-64/libzlib-1.3.2-hbb4bfdb_2.conda
  sha256: 4c6da089952b2d70150c74234679d6f7ac04f4a98f9432dec724968f912691e7
  md5: 30439ff30578e504ee5e0b390afc8c65
  depends:
  - __osx >=11.0
  constrains:
  - zlib 1.3.2 *_2
  license: Zlib
  license_family: Other
  size: 59000
  timestamp: 1774073052242
- conda: https://conda.anaconda.org/conda-forge/osx-64/lychee-0.24.2-h651e3a3_0.conda
  sha256: 76f52cb9891ba0cb20c24cfd1e1412142c88f4afba7f69cb7ece4ed7928e5f04
  md5: 226175c1e553778a6c290c657d6bebb6
  depends:
  - __osx >=11.0
  - openssl >=3.5.6,<4.0a0
  constrains:
  - __osx >=10.13
  license: Apache-2.0 OR MIT
  run_exports: {}
  size: 5738020
  timestamp: 1777662907024
- conda: https://conda.anaconda.org/conda-forge/osx-64/openssl-3.6.4-h332eb6d_0.conda
  sha256: 73d648d24f0994fd8641972848d74bd57b8d80888a64600643e3fe88a1b50545
  md5: 7a1b628e987d25df3ac6986d45bb0979
  depends:
  - __osx >=11.0
  - ca-certificates
  license: Apache-2.0
  license_family: Apache
  run_exports:
    weak:
    - openssl >=3.6.4,<4.0a0
  size: 2780873
  timestamp: 1787700098779
- conda: https://conda.anaconda.org/conda-forge/osx-64/pandoc-3.8.3-h694c41f_0.conda
  sha256: 763c07427762e3e1d524c4e4e7343225de6af2be432d1136a0fa26b863450c9e
  md5: ea4f844424717e24a69c05f16ff30ffa
  license: GPL-2.0-or-later
  license_family: GPL
  size: 16948053
  timestamp: 1764589819568
- conda: https://conda.anaconda.org/conda-forge/osx-64/quarto-1.9.38-h7a197ef_0.conda
  sha256: ae0742bb6fed8a8c5caf2e43c065ac97ee999a2afe9c0befcd2660277e348b31
  md5: 9f35aba63b6a7477612d26326e039760
  depends:
  - __osx >=11.0
  - dart-sass
  - deno >=2.4.5,<2.4.6.0a0
  - deno-dom >=0.1.41,<0.1.42.0a0
  - esbuild
  - pandoc 3.8.3
  - typst 0.14.2
  constrains:
  - __osx >=11.0
  license: MIT
  license_family: MIT
  size: 26370223
  timestamp: 1779790360311
- conda: https://conda.anaconda.org/conda-forge/osx-64/typst-0.14.2-h121f529_0.conda
  sha256: 503f26d9ff68ac0e3fd66b5a77263115ece63044dd6c15562b9a5531da4c0a2a
  md5: db9932a780a3cf948c67b4842ecb5a06
  depends:
  - __osx >=10.13
  constrains:
  - __osx >=10.13
  license: Apache-2.0
  license_family: Apache
  size: 15180322
  timestamp: 1765697711050
- conda: https://conda.anaconda.org/conda-forge/osx-arm64/dart-sass-1.100.0-h820172f_0.conda
  sha256: c4595381f35451b995af233fd4fe40aa4e56497d8d5d4110250f71df0e71003a
  md5: 2ae10fcbebb03cae94eefc1ec6311956
  license: MIT
  license_family: MIT
  size: 3761805
  timestamp: 1779422710421
- conda: https://conda.anaconda.org/conda-forge/osx-arm64/deno-2.4.5-h248350f_0.conda
  sha256: a58cfdd110f9a08f60ba9636094096a0665bbcd47422fa9eb4aa510801175ec0
  md5: 2190a7bbed5d068ea14c6dc9db1c0f09
  depends:
  - __osx >=11.0
  - libzlib >=1.3.2,<2.0a0
  constrains:
  - __osx >=11.0
  license: MIT
  license_family: MIT
  size: 35445880
  timestamp: 1776774792403
- conda: https://conda.anaconda.org/conda-forge/osx-arm64/deno-dom-0.1.41-hde76f7a_0.conda
  sha256: 4a92d9c785bccae80961875900eb7b86149737b7a219e66b27dfcbfff4a1798b
  md5: 02bff7fa3d076f6351ef027cd682c6e4
  depends:
  - __osx >=11.0
  - deno >=1.24.2
  constrains:
  - __osx >=11.0
  license: MIT
  license_family: MIT
  size: 367613
  timestamp: 1736703524102
- conda: https://conda.anaconda.org/conda-forge/osx-arm64/esbuild-0.28.0-hf76c51c_1.conda
  sha256: 73a69d92e36d9f6889ed080fc1e3cbe3ac94c9e5d6b3683c1792acf0fd86f043
  md5: 8d9633a86fd47d9244f14f98f1d5c094
  license: MIT
  license_family: MIT
  size: 4046241
  timestamp: 1779427750828
- conda: https://conda.anaconda.org/conda-forge/osx-arm64/libzlib-1.3.2-h8088a28_2.conda
  sha256: 361415a698514b19a852f5d1123c5da746d4642139904156ddfca7c922d23a05
  md5: bc5a5721b6439f2f62a84f2548136082
  depends:
  - __osx >=11.0
  constrains:
  - zlib 1.3.2 *_2
  license: Zlib
  license_family: Other
  size: 47759
  timestamp: 1774072956767
- conda: https://conda.anaconda.org/conda-forge/osx-arm64/lychee-0.24.2-h17e24d4_0.conda
  sha256: f8d8397e8aa3077ebaeffdd18f7aaf0fce4188a3dbd08514ed85dc34acee4220
  md5: 0b13f105d1195e1b388706f8eb7f0a03
  depends:
  - __osx >=11.0
  - openssl >=3.5.6,<4.0a0
  constrains:
  - __osx >=11.0
  license: Apache-2.0 OR MIT
  run_exports: {}
  size: 5382476
  timestamp: 1777662876427
- conda: https://conda.anaconda.org/conda-forge/osx-arm64/openssl-3.6.4-h55eecbc_0.conda
  sha256: f23239eacd75c4c50705e68fae1aa3292da473e6a3a4abe2330f1e6afa680704
  md5: ae71ab40048c19a389a7dcccb86c2481
  depends:
  - __osx >=11.0
  - ca-certificates
  license: Apache-2.0
  license_family: Apache
  run_exports:
    weak:
    - openssl >=3.6.4,<4.0a0
  size: 3110142
  timestamp: 1787698648639
- conda: https://conda.anaconda.org/conda-forge/osx-arm64/pandoc-3.8.3-hce30654_0.conda
  sha256: 39af2080d16088c0b9c19db5d0f8b2c845e70c428126a4773d0e54b609d8af91
  md5: 68bc0f4209fe5cbb03a401177f3a36c2
  license: GPL-2.0-or-later
  license_family: GPL
  size: 28522262
  timestamp: 1764589967786
- conda: https://conda.anaconda.org/conda-forge/osx-arm64/quarto-1.9.38-h78c4bfd_0.conda
  sha256: 76d9c068ee8bdfd7b198b0aff9e0fbd9f69ede8b9c0f6480135ce437860ab3e9
  md5: 181bc833726b113f12aae8ccca6ba500
  depends:
  - __osx >=11.0
  - dart-sass
  - deno >=2.4.5,<2.4.6.0a0
  - deno-dom >=0.1.41,<0.1.42.0a0
  - esbuild
  - pandoc 3.8.3
  - typst 0.14.2
  constrains:
  - __osx >=11.0
  license: MIT
  license_family: MIT
  size: 25892459
  timestamp: 1779790473219
- conda: https://conda.anaconda.org/conda-forge/osx-arm64/typst-0.14.2-hd1458d2_0.conda
  sha256: 201e08fc74e3dc8161d583bb50d23ae07b4537c5efa41c8a7e1ba46a30261ea6
  md5: 750223ac708cb65d0d32fa61d84e35e4
  depends:
  - __osx >=11.0
  constrains:
  - __osx >=11.0
  license: Apache-2.0
  license_family: Apache
  size: 14708782
  timestamp: 1765697750603
- conda: https://conda.anaconda.org/conda-forge/win-64/dart-sass-1.100.0-h11686cb_0.conda
  sha256: 298fddb6176efa512b21ce89961977f873b1113cd8ed283dc5a83e6bd1f0f3f2
  md5: d36b433df19b61b8d55c2e5eb88086f2
  license: MIT
  license_family: MIT
  size: 4076872
  timestamp: 1779422731437
- conda: https://conda.anaconda.org/conda-forge/win-64/deno-2.4.5-h9135563_0.conda
  sha256: ec2b52d16b8de758142d5aee3f97bc9fa34850f9a6753e188d03f806acbee205
  md5: d652d13c4a2fc47e8120cb1639a72597
  depends:
  - vc >=14.3,<15
  - vc14_runtime >=14.44.35208
  - ucrt >=10.0.20348.0
  - vc >=14.3
  license: MIT
  license_family: MIT
  size: 38773826
  timestamp: 1776774858202
- conda: https://conda.anaconda.org/conda-forge/win-64/deno-dom-0.1.41-h1a6af48_0.conda
  sha256: 199ed9fea4d58cea10572cc5a7fb3ad0fbefd189cb785667639dbfc4210ed2ab
  md5: 84bc9003c48bf69d4663b00f692404cb
  depends:
  - deno >=1.24.2
  - ucrt >=10.0.20348.0
  - vc >=14.3,<15
  - vc14_runtime >=14.42.34433
  license: MIT
  license_family: MIT
  size: 294346
  timestamp: 1736703764252
- conda: https://conda.anaconda.org/conda-forge/win-64/esbuild-0.28.0-h11686cb_1.conda
  sha256: 6b94caf26eddbba507f85988c8bcb2044191da75ae3f3d326ff1eaf0da04921e
  md5: b9bbddd101843d43f5e6753a60b56e65
  license: MIT
  license_family: MIT
  size: 4385549
  timestamp: 1779427695732
- conda: https://conda.anaconda.org/conda-forge/win-64/lychee-0.24.2-hb3eb754_0.conda
  sha256: 826077733e3c251831d7b7c9cdb27da4b661044363343c5614527a618cd94d40
  md5: f06076ddc8c0f46c64900f1c8b479325
  depends:
  - vc >=14.3,<15
  - vc14_runtime >=14.44.35208
  - ucrt >=10.0.20348.0
  - openssl >=3.5.6,<4.0a0
  license: Apache-2.0 OR MIT
  run_exports: {}
  size: 6020917
  timestamp: 1777662847120
- conda: https://conda.anaconda.org/conda-forge/win-64/openssl-3.6.4-hf411b9b_0.conda
  sha256: 9dddb559ba49744d5d94092d8d13cb0567f5c3b3f439f3acf28433d1f4256acc
  md5: 73cb1783f47c452be4c309430fbef89f
  depends:
  - ca-certificates
  - ucrt >=10.0.20348.0
  - vc >=14.3,<15
  - vc14_runtime >=14.44.35208
  license: Apache-2.0
  license_family: Apache
  run_exports:
    weak:
    - openssl >=3.6.4,<4.0a0
  size: 9474879
  timestamp: 1787699876495
- conda: https://conda.anaconda.org/conda-forge/win-64/pandoc-3.8.3-h57928b3_0.conda
  sha256: b3d37c502e405e7d1997a028e7eae246acd52436eacdd4f053cb345bde0da8a9
  md5: 904ca93f4f00a75ee3c49147cb00f14d
  license: GPL-2.0-or-later
  license_family: GPL
  size: 26699611
  timestamp: 1764589773519
- conda: https://conda.anaconda.org/conda-forge/win-64/quarto-1.9.38-h0e8a320_0.conda
  sha256: 78310e993d858f1b7d566fe0228f85978eb38a7595175ffc149bb67b8f3ae14c
  md5: 8448f287862e806fa94c7900edb64cf5
  depends:
  - dart-sass
  - deno >=2.4.5,<2.4.6.0a0
  - deno-dom >=0.1.41,<0.1.42.0a0
  - esbuild
  - pandoc 3.8.3
  - typst 0.14.2
  - ucrt >=10.0.20348.0
  - vc >=14.3,<15
  - vc14_runtime >=14.44.35208
  license: MIT
  license_family: MIT
  size: 26182767
  timestamp: 1779790174898
- conda: https://conda.anaconda.org/conda-forge/win-64/typst-0.14.2-h77a83cd_0.conda
  sha256: 6e6f4dfb5d3e43d627e248723ccc963c7889fc59e7039c67b4d6ca2aea20ea99
  md5: c7d150437cdf4a2facdb156fe1dbe9b7
  depends:
  - ucrt >=10.0.20348.0
  - vc >=14.3,<15
  - vc14_runtime >=14.44.35208
  license: Apache-2.0
  license_family: Apache
  size: 15463461
  timestamp: 1765698111186
- conda: https://conda.anaconda.org/conda-forge/win-64/ucrt-10.0.26100.0-h57928b3_0.conda
  sha256: 3005729dce6f3d3f5ec91dfc49fc75a0095f9cd23bab49efb899657297ac91a5
  md5: 71b24316859acd00bdb8b38f5e2ce328
  constrains:
  - vc14_runtime >=14.29.30037
  - vs2015_runtime >=14.29.30037
  license: LicenseRef-MicrosoftWindowsSDK10
  size: 694692
  timestamp: 1756385147981
- conda: https://conda.anaconda.org/conda-forge/win-64/vc-14.5-h1b7c187_38.conda
  sha256: 61b68e5a4fc71a17f8d64b12e013a2f971ad980bd08e9c389d5e68efe1a67de0
  md5: 774568633f3b26d7a4a6dd4f9ea6d3e1
  depends:
  - vc14_runtime >=14.51.36231
  track_features:
  - vc14
  license: BSD-3-Clause
  license_family: BSD
  size: 20187
  timestamp: 1780005880049
- conda: https://conda.anaconda.org/conda-forge/win-64/vc14_runtime-14.51.36231-h1b9f54f_38.conda
  sha256: 957c7c65583c7107a5e76f39756c6361fcb7b0dc101ac7c0aea86e7ca09fe49c
  md5: 2cdcd8ea1010920911bb2eacb4c61227
  depends:
  - ucrt >=10.0.20348.0
  - vcomp14 14.51.36231 h1b9f54f_38
  constrains:
  - vs2015_runtime 14.51.36231.* *_38
  license: LicenseRef-MicrosoftVisualCpp2015-2022Runtime
  license_family: Proprietary
  size: 740997
  timestamp: 1780005875753
- conda: https://conda.anaconda.org/conda-forge/win-64/vcomp14-14.51.36231-h1b9f54f_38.conda
  sha256: c645fdc1f0f47718431d973386e946754a10200e7ba2c32032560913a970cacd
  md5: 63ee70d69d7540e821940dac5d4d9ba2
  depends:
  - ucrt >=10.0.20348.0
  constrains:
  - vs2015_runtime 14.51.36231.* *_38
  license: LicenseRef-MicrosoftVisualCpp2015-2022Runtime
  license_family: Proprietary
  size: 123561
  timestamp: 1780005858779
